
Microsoft Visual Studio Solution File, Format Version 12.00
# Visual Studio Version 17
VisualStudioVersion = 17.2.32526.322
MinimumVisualStudioVersion = 10.0.40219.1
Project("{8BC9CEB8-8B4A-11D0-8D11-00A0C91BC942}") = "IPT2023_GlassHalo", "IPT2023_GlassHalo\IPT2023_GlassHalo.vcxproj", "{49AB1F87-1638-4779-981E-A3017E714BD9}"
EndProject
Global
	GlobalSection(SolutionConfigurationPlatforms) = preSolution
		Debug|x64 = Debug|x64
		Debug|x86 = Debug|x86
		Release|x64 = Release|x64
		Release|x86 = Release|x86
	EndGlobalSection
	GlobalSection(ProjectConfigurationPlatforms) = postSolution
		{49AB1F87-1638-4779-981E-A3017E714BD9}.Debug|x64.ActiveCfg = Debug|x64
		{49AB1F87-1638-4779-981E-A3017E714BD9}.Debug|x64.Build.0 = Debug|x64
		{49AB1F87-1638-4779-981E-A3017E714BD9}.Debug|x86.ActiveCfg = Debug|Win32
		{49AB1F87-1638-4779-981E-A3017E714BD9}.Debug|x86.Build.0 = Debug|Win32
		{49AB1F87-1638-4779-981E-A3017E714BD9}.Release|x64.ActiveCfg = Release|x64
		{49AB1F87-1638-4779-981E-A3017E714BD9}.Release|x64.Build.0 = Release|x64
		{49AB1F87-1638-4779-981E-A3017E714BD9}.Release|x86.ActiveCfg = Release|Win32
		{49AB1F87-1638-4779-981E-A3017E714BD9}.Release|x86.Build.0 = Release|Win32
	EndGlobalSection
	GlobalSection(SolutionProperties) = preSolution
		HideSolutionNode = FALSE
	EndGlobalSection
	GlobalSection(ExtensibilityGlobals) = postSolution
		SolutionGuid = {693E1D57-3699-4506-9727-7A2D991462B3}
	EndGlobalSection
EndGlobal
